
Microsoft Visual Studio Solution File, Format Version 12.00
# Visual Studio Version 17
VisualStudioVersion = 17.4.33205.214
MinimumVisualStudioVersion = 10.0.40219.1
Project("{FAE04EC0-301F-11D3-BF4B-00C04F79EFBC}") = "API", "API\API.csproj", "{6EDCA089-C5E1-4E5A-BEAC-A03E232D02ED}"
EndProject
Project("{FAE04EC0-301F-11D3-BF4B-00C04F79EFBC}") = "Domain", "Domain\Domain.csproj", "{85D9C223-77F5-4AF2-A556-62F9F937C330}"
EndProject
Project("{FAE04EC0-301F-11D3-BF4B-00C04F79EFBC}") = "Persistence", "Persistence\Persistence.csproj", "{D9FBD9FF-2019-474D-A249-FB73294ED60B}"
EndProject
Project("{FAE04EC0-301F-11D3-BF4B-00C04F79EFBC}") = "ConsoleApp", "ConsoleApp\ConsoleApp.csproj", "{AEE5A8CF-7907-4CDC-B89E-EEEAF2DC40AE}"
EndProject
Project("{FAE04EC0-301F-11D3-BF4B-00C04F79EFBC}") = "ApplicationService", "ApplicationService\ApplicationService.csproj", "{1C496D19-38E9-41DD-8C1A-1F25F5C5F7E2}"
EndProject
Project("{2150E333-8FDC-42A3-9474-1A3956D46DE8}") = "ServerSide", "ServerSide", "{CEAFF8EE-EC3B-43B7-8724-EAE26730B1A6}"
EndProject
Project("{2150E333-8FDC-42A3-9474-1A3956D46DE8}") = "ClientSide", "ClientSide", "{3E8D45DB-7C9C-460E-A20B-FB911046A4A3}"
EndProject
Global
	GlobalSection(SolutionConfigurationPlatforms) = preSolution
		Debug|Any CPU = Debug|Any CPU
		Release|Any CPU = Release|Any CPU
	EndGlobalSection
	GlobalSection(ProjectConfigurationPlatforms) = postSolution
		{6EDCA089-C5E1-4E5A-BEAC-A03E232D02ED}.Debug|Any CPU.ActiveCfg = Debug|Any CPU
		{6EDCA089-C5E1-4E5A-BEAC-A03E232D02ED}.Debug|Any CPU.Build.0 = Debug|Any CPU
		{6EDCA089-C5E1-4E5A-BEAC-A03E232D02ED}.Release|Any CPU.ActiveCfg = Release|Any CPU
		{6EDCA089-C5E1-4E5A-BEAC-A03E232D02ED}.Release|Any CPU.Build.0 = Release|Any CPU
		{85D9C223-77F5-4AF2-A556-62F9F937C330}.Debug|Any CPU.ActiveCfg = Debug|Any CPU
		{85D9C223-77F5-4AF2-A556-62F9F937C330}.Debug|Any CPU.Build.0 = Debug|Any CPU
		{85D9C223-77F5-4AF2-A556-62F9F937C330}.Release|Any CPU.ActiveCfg = Release|Any CPU
		{85D9C223-77F5-4AF2-A556-62F9F937C330}.Release|Any CPU.Build.0 = Release|Any CPU
		{D9FBD9FF-2019-474D-A249-FB73294ED60B}.Debug|Any CPU.ActiveCfg = Debug|Any CPU
		{D9FBD9FF-2019-474D-A249-FB73294ED60B}.Debug|Any CPU.Build.0 = Debug|Any CPU
		{D9FBD9FF-2019-474D-A249-FB73294ED60B}.Release|Any CPU.ActiveCfg = Release|Any CPU
		{D9FBD9FF-2019-474D-A249-FB73294ED60B}.Release|Any CPU.Build.0 = Release|Any CPU
		{AEE5A8CF-7907-4CDC-B89E-EEEAF2DC40AE}.Debug|Any CPU.ActiveCfg = Debug|Any CPU
		{AEE5A8CF-7907-4CDC-B89E-EEEAF2DC40AE}.Debug|Any CPU.Build.0 = Debug|Any CPU
		{AEE5A8CF-7907-4CDC-B89E-EEEAF2DC40AE}.Release|Any CPU.ActiveCfg = Release|Any CPU
		{AEE5A8CF-7907-4CDC-B89E-EEEAF2DC40AE}.Release|Any CPU.Build.0 = Release|Any CPU
		{1C496D19-38E9-41DD-8C1A-1F25F5C5F7E2}.Debug|Any CPU.ActiveCfg = Debug|Any CPU
		{1C496D19-38E9-41DD-8C1A-1F25F5C5F7E2}.Debug|Any CPU.Build.0 = Debug|Any CPU
		{1C496D19-38E9-41DD-8C1A-1F25F5C5F7E2}.Release|Any CPU.ActiveCfg = Release|Any CPU
		{1C496D19-38E9-41DD-8C1A-1F25F5C5F7E2}.Release|Any CPU.Build.0 = Release|Any CPU
	EndGlobalSection
	GlobalSection(SolutionProperties) = preSolution
		HideSolutionNode = FALSE
	EndGlobalSection
	GlobalSection(NestedProjects) = preSolution
		{6EDCA089-C5E1-4E5A-BEAC-A03E232D02ED} = {CEAFF8EE-EC3B-43B7-8724-EAE26730B1A6}
		{85D9C223-77F5-4AF2-A556-62F9F937C330} = {CEAFF8EE-EC3B-43B7-8724-EAE26730B1A6}
		{D9FBD9FF-2019-474D-A249-FB73294ED60B} = {CEAFF8EE-EC3B-43B7-8724-EAE26730B1A6}
		{AEE5A8CF-7907-4CDC-B89E-EEEAF2DC40AE} = {3E8D45DB-7C9C-460E-A20B-FB911046A4A3}
		{1C496D19-38E9-41DD-8C1A-1F25F5C5F7E2} = {CEAFF8EE-EC3B-43B7-8724-EAE26730B1A6}
	EndGlobalSection
	GlobalSection(ExtensibilityGlobals) = postSolution
		SolutionGuid = {1DEEEE94-98DC-4180-96AF-6FC7DFEFA35A}
	EndGlobalSection
EndGlobal
